
Microsoft Visual Studio Solution File, Format Version 12.00
# Visual Studio Version 17
VisualStudioVersion = 17.6.33723.286
MinimumVisualStudioVersion = 10.0.40219.1
Project("{9A19103F-16F7-4668-BE54-9A1E7A4F7556}") = "DogHouseService.Web", "DogHouseService.Web\DogHouseService.Web.csproj", "{D5BD4699-91A6-4DAB-BD64-16EB160314FC}"
EndProject
Project("{9A19103F-16F7-4668-BE54-9A1E7A4F7556}") = "DogHouseService.Core", "DogHouseService.Core\DogHouseService.Core.csproj", "{8D537B66-29AA-4272-BED9-5F27A17E2043}"
EndProject
Project("{2150E333-8FDC-42A3-9474-1A3956D46DE8}") = "Application", "Application", "{41743BDA-4E03-4CFB-89E6-930568FBBE17}"
EndProject
Project("{9A19103F-16F7-4668-BE54-9A1E7A4F7556}") = "DogHouseService.Infrastructure", "DogHouseService.Infrastructure\DogHouseService.Infrastructure.csproj", "{AE8AE585-131F-4C4E-9943-BA008C34736F}"
EndProject
Project("{2150E333-8FDC-42A3-9474-1A3956D46DE8}") = "Tests", "Tests", "{AE019DD6-F2BD-4FD8-A933-5BD647A68A23}"
EndProject
Project("{9A19103F-16F7-4668-BE54-9A1E7A4F7556}") = "DogHouseService.ControllerTests", "DogHouseService.ControllerTests\DogHouseService.ControllerTests.csproj", "{0F251A7A-7EC7-4189-84D8-518CD742B30D}"
EndProject
Project("{9A19103F-16F7-4668-BE54-9A1E7A4F7556}") = "DogHouseService.ServiceTests", "DogHouseService.ServiceTests\DogHouseService.ServiceTests.csproj", "{C017BE2D-F458-4FBE-AD60-7B7A4591C5F1}"
EndProject
Global
	GlobalSection(SolutionConfigurationPlatforms) = preSolution
		Debug|Any CPU = Debug|Any CPU
		Release|Any CPU = Release|Any CPU
	EndGlobalSection
	GlobalSection(ProjectConfigurationPlatforms) = postSolution
		{D5BD4699-91A6-4DAB-BD64-16EB160314FC}.Debug|Any CPU.ActiveCfg = Debug|Any CPU
		{D5BD4699-91A6-4DAB-BD64-16EB160314FC}.Debug|Any CPU.Build.0 = Debug|Any CPU
		{D5BD4699-91A6-4DAB-BD64-16EB160314FC}.Release|Any CPU.ActiveCfg = Release|Any CPU
		{D5BD4699-91A6-4DAB-BD64-16EB160314FC}.Release|Any CPU.Build.0 = Release|Any CPU
		{8D537B66-29AA-4272-BED9-5F27A17E2043}.Debug|Any CPU.ActiveCfg = Debug|Any CPU
		{8D537B66-29AA-4272-BED9-5F27A17E2043}.Debug|Any CPU.Build.0 = Debug|Any CPU
		{8D537B66-29AA-4272-BED9-5F27A17E2043}.Release|Any CPU.ActiveCfg = Release|Any CPU
		{8D537B66-29AA-4272-BED9-5F27A17E2043}.Release|Any CPU.Build.0 = Release|Any CPU
		{AE8AE585-131F-4C4E-9943-BA008C34736F}.Debug|Any CPU.ActiveCfg = Debug|Any CPU
		{AE8AE585-131F-4C4E-9943-BA008C34736F}.Debug|Any CPU.Build.0 = Debug|Any CPU
		{AE8AE585-131F-4C4E-9943-BA008C34736F}.Release|Any CPU.ActiveCfg = Release|Any CPU
		{AE8AE585-131F-4C4E-9943-BA008C34736F}.Release|Any CPU.Build.0 = Release|Any CPU
		{0F251A7A-7EC7-4189-84D8-518CD742B30D}.Debug|Any CPU.ActiveCfg = Debug|Any CPU
		{0F251A7A-7EC7-4189-84D8-518CD742B30D}.Debug|Any CPU.Build.0 = Debug|Any CPU
		{0F251A7A-7EC7-4189-84D8-518CD742B30D}.Release|Any CPU.ActiveCfg = Release|Any CPU
		{0F251A7A-7EC7-4189-84D8-518CD742B30D}.Release|Any CPU.Build.0 = Release|Any CPU
		{C017BE2D-F458-4FBE-AD60-7B7A4591C5F1}.Debug|Any CPU.ActiveCfg = Debug|Any CPU
		{C017BE2D-F458-4FBE-AD60-7B7A4591C5F1}.Debug|Any CPU.Build.0 = Debug|Any CPU
		{C017BE2D-F458-4FBE-AD60-7B7A4591C5F1}.Release|Any CPU.ActiveCfg = Release|Any CPU
		{C017BE2D-F458-4FBE-AD60-7B7A4591C5F1}.Release|Any CPU.Build.0 = Release|Any CPU
	EndGlobalSection
	GlobalSection(SolutionProperties) = preSolution
		HideSolutionNode = FALSE
	EndGlobalSection
	GlobalSection(NestedProjects) = preSolution
		{D5BD4699-91A6-4DAB-BD64-16EB160314FC} = {41743BDA-4E03-4CFB-89E6-930568FBBE17}
		{8D537B66-29AA-4272-BED9-5F27A17E2043} = {41743BDA-4E03-4CFB-89E6-930568FBBE17}
		{AE8AE585-131F-4C4E-9943-BA008C34736F} = {41743BDA-4E03-4CFB-89E6-930568FBBE17}
		{0F251A7A-7EC7-4189-84D8-518CD742B30D} = {AE019DD6-F2BD-4FD8-A933-5BD647A68A23}
		{C017BE2D-F458-4FBE-AD60-7B7A4591C5F1} = {AE019DD6-F2BD-4FD8-A933-5BD647A68A23}
	EndGlobalSection
	GlobalSection(ExtensibilityGlobals) = postSolution
		SolutionGuid = {CD1EA40A-A82B-4915-A3B1-FB4F5C87530D}
	EndGlobalSection
EndGlobal
